
Microsoft Visual Studio Solution File, Format Version 12.00
# Visual Studio Version 16
VisualStudioVersion = 16.0.31019.35
MinimumVisualStudioVersion = 10.0.40219.1
Project("{FAE04EC0-301F-11D3-BF4B-00C04F79EFBC}") = "Borsa Uygulaması", "ÖDEV\Borsa Uygulaması.csproj", "{68FC4D4B-0B2B-41AF-8340-66692676EAAA}"
EndProject
Global
	GlobalSection(SolutionConfigurationPlatforms) = preSolution
		Debug|Any CPU = Debug|Any CPU
		Release|Any CPU = Release|Any CPU
	EndGlobalSection
	GlobalSection(ProjectConfigurationPlatforms) = postSolution
		{68FC4D4B-0B2B-41AF-8340-66692676EAAA}.Debug|Any CPU.ActiveCfg = Debug|Any CPU
		{68FC4D4B-0B2B-41AF-8340-66692676EAAA}.Debug|Any CPU.Build.0 = Debug|Any CPU
		{68FC4D4B-0B2B-41AF-8340-66692676EAAA}.Release|Any CPU.ActiveCfg = Release|Any CPU
		{68FC4D4B-0B2B-41AF-8340-66692676EAAA}.Release|Any CPU.Build.0 = Release|Any CPU
	EndGlobalSection
	GlobalSection(SolutionProperties) = preSolution
		HideSolutionNode = FALSE
	EndGlobalSection
	GlobalSection(ExtensibilityGlobals) = postSolution
		SolutionGuid = {63195EA1-EABE-4517-9A96-F1B3C97529BD}
	EndGlobalSection
EndGlobal
